
Microsoft Visual Studio Solution File, Format Version 12.00
# Visual Studio Version 17
VisualStudioVersion = 17.9.34728.123
MinimumVisualStudioVersion = 10.0.40219.1
Project("{8BC9CEB8-8B4A-11D0-8D11-00A0C91BC942}") = "double_Linkedlist", "double_Linkedlist\double_Linkedlist.vcxproj", "{BF3DF85B-FB5B-4B5F-AD77-7E824EAF7491}"
EndProject
Global
	GlobalSection(SolutionConfigurationPlatforms) = preSolution
		Debug|x64 = Debug|x64
		Debug|x86 = Debug|x86
		Release|x64 = Release|x64
		Release|x86 = Release|x86
	EndGlobalSection
	GlobalSection(ProjectConfigurationPlatforms) = postSolution
		{BF3DF85B-FB5B-4B5F-AD77-7E824EAF7491}.Debug|x64.ActiveCfg = Debug|x64
		{BF3DF85B-FB5B-4B5F-AD77-7E824EAF7491}.Debug|x64.Build.0 = Debug|x64
		{BF3DF85B-FB5B-4B5F-AD77-7E824EAF7491}.Debug|x86.ActiveCfg = Debug|Win32
		{BF3DF85B-FB5B-4B5F-AD77-7E824EAF7491}.Debug|x86.Build.0 = Debug|Win32
		{BF3DF85B-FB5B-4B5F-AD77-7E824EAF7491}.Release|x64.ActiveCfg = Release|x64
		{BF3DF85B-FB5B-4B5F-AD77-7E824EAF7491}.Release|x64.Build.0 = Release|x64
		{BF3DF85B-FB5B-4B5F-AD77-7E824EAF7491}.Release|x86.ActiveCfg = Release|Win32
		{BF3DF85B-FB5B-4B5F-AD77-7E824EAF7491}.Release|x86.Build.0 = Release|Win32
	EndGlobalSection
	GlobalSection(SolutionProperties) = preSolution
		HideSolutionNode = FALSE
	EndGlobalSection
	GlobalSection(ExtensibilityGlobals) = postSolution
		SolutionGuid = {29B16952-D9E7-428B-A527-9F95B244B4C4}
	EndGlobalSection
EndGlobal
